
Microsoft Visual Studio Solution File, Format Version 12.00
# Visual Studio Version 16
VisualStudioVersion = 16.0.31105.61
MinimumVisualStudioVersion = 10.0.40219.1
Project("{FAE04EC0-301F-11D3-BF4B-00C04F79EFBC}") = "Balling up", "Balling up.csproj", "{FE94D284-EFAA-4469-961B-7A151E21894D}"
EndProject
Global
	GlobalSection(SolutionConfigurationPlatforms) = preSolution
		Debug|Any CPU = Debug|Any CPU
		Release|Any CPU = Release|Any CPU
	EndGlobalSection
	GlobalSection(ProjectConfigurationPlatforms) = postSolution
		{FE94D284-EFAA-4469-961B-7A151E21894D}.Debug|Any CPU.ActiveCfg = Debug|Any CPU
		{FE94D284-EFAA-4469-961B-7A151E21894D}.Debug|Any CPU.Build.0 = Debug|Any CPU
		{FE94D284-EFAA-4469-961B-7A151E21894D}.Release|Any CPU.ActiveCfg = Release|Any CPU
		{FE94D284-EFAA-4469-961B-7A151E21894D}.Release|Any CPU.Build.0 = Release|Any CPU
	EndGlobalSection
	GlobalSection(SolutionProperties) = preSolution
		HideSolutionNode = FALSE
	EndGlobalSection
	GlobalSection(ExtensibilityGlobals) = postSolution
		SolutionGuid = {0DABEDAD-6F02-4BB2-963D-B7B12F1BDCA4}
	EndGlobalSection
EndGlobal
